# THIS IS AN AUTOGENERATED FILE. DO NOT EDIT THIS FILE DIRECTLY.
# yarn lockfile v1


follow-redirects@^1.15.0:
  version "1.15.2"
  resolved "https://registry.yarnpkg.com/follow-redirects/-/follow-redirects-1.15.2.tgz#b460864144ba63f2681096f274c4e57026da2c13"
  integrity sha512-VQLG33o04KaQ8uYi2tVNbdrWp1QWxNNea+nmIB4EVM28v0hmP17z7aG1+wAkNzVq4KeXTq3221ye5qTJP91JwA==

image-downloader@^4.3.0:
  version "4.3.0"
  resolved "https://registry.yarnpkg.com/image-downloader/-/image-downloader-4.3.0.tgz#1bc6012d4c1eeeae82b7cabada13c5d0359045f4"
  integrity sha512-UBioN0E+8zu8N0lLC6wkZmPA/MA1A3yx9B1whjy5O/YiOV9XrSxLLKi7JqLLj6knQ3n9N1OBoHFS7shp8sehBQ==
  dependencies:
    follow-redirects "^1.15.0"
